{
  "name": "fbres",
  "version": "0.1.0",
  "lockfileVersion": 1,
  "requires": true,
  "dependencies": {
    "google-charts": {
      "version": "2.0.0",
      "resolved": "https://registry.npmjs.org/google-charts/-/google-charts-2.0.0.tgz",
      "integrity": "sha512-wxtwJTvA9MhFGCkMtUYtM+b1gQ8R6zSdQOxflRTAGr83+sd0bRDfrn1HaPIpxnqI75cImQBDp0ZTUXuwLhgPzA=="
    },
    "jquery-csv": {
      "version": "0.8.12",
      "resolved": "https://registry.npmjs.org/jquery-csv/-/jquery-csv-0.8.12.tgz",
      "integrity": "sha512-lTVpGudyrh1dNT8tTBP/rePcCwLsWHoQx3urdm+agIIFO0+VG+b2ggShCLHYepWZ7IZl2mQnRuZNrh1WoBXTIQ=="
    },
    "p5": {
      "version": "0.7.3",
      "resolved": "https://registry.npmjs.org/p5/-/p5-0.7.3.tgz",
      "integrity": "sha512-Ap0Op/YlbqlBe9BEkpislygOKcID9+i6lbGHcUY/QkgZl21+Jy0GPpw+bLjgURk/wlloLcXGnUDpuGsP0xsx2Q=="
    }
  }
}
